<Solution>
  <Folder Name="/01/">
    <Project Path="IsNumberOddOrNot/IsNumberOddOrNot.csproj" Id="f10c68a5-6319-4465-89a1-e2b181ada2c6" />
  </Folder>
  <Folder Name="/02/">
    <Project Path="TheLargestNuumber/TheLargestNuumber.csproj" Id="5775721d-0ecd-41f4-b458-fe65610cfe91" />
  </Folder>
  <Folder Name="/shared/">
    <Project Path="Share/Shared.csproj" Id="4716d96b-06c4-422b-9c58-744c36b94e06" />
  </Folder>
</Solution>
